{
  "name": "prisma-client-extensions",
  "lockfileVersion": 2,
  "requires": true,
  "packages": {
    "": {
      "dependencies": {
        "@prisma/client": "^4.7.0-integration-client-extensions.2",
        "prisma": "^4.7.0-integration-client-extensions.2"
      },
      "devDependencies": {
        "@types/node": "^18.11.9"
      }
    },
    "node_modules/@prisma/client": {
      "version": "4.7.0-integration-client-extensions.2",
      "resolved": "https://registry.npmjs.org/@prisma/client/-/client-4.7.0-integration-client-extensions.2.tgz",
      "integrity": "sha512-BlCm5PABHCIo7woMcsKhu97Ib6HDF7GX0iMKjx5hqI+TTnGhH0tkDhYjYwD5snq6ZO+Xf8WUIr4wPU3mTrBdVw==",
      "hasInstallScript": true,
      "dependencies": {
        "@prisma/engines-version": "4.7.0-1.4dc956443c6209fec6b364670358e39d83f19356"
      },
      "engines": {
        "node": ">=14.17"
      },
      "peerDependencies": {
        "prisma": "*"
      },
      "peerDependenciesMeta": {
        "prisma": {
          "optional": true
        }
      }
    },
    "node_modules/@prisma/engines": {
      "version": "4.7.0-integration-client-extensions.2",
      "resolved": "https://registry.npmjs.org/@prisma/engines/-/engines-4.7.0-integration-client-extensions.2.tgz",
      "integrity": "sha512-t+dD7rgoHz1ITeCwoM9wdOwYDa8EwIOO2h62n96Hbb7wCSLu5Fy9bxks05DS4AvHVo1EdZLTpuPGyq1z1xEu+Q==",
      "hasInstallScript": true
    },
    "node_modules/@prisma/engines-version": {
      "version": "4.7.0-1.4dc956443c6209fec6b364670358e39d83f19356",
      "resolved": "https://registry.npmjs.org/@prisma/engines-version/-/engines-version-4.7.0-1.4dc956443c6209fec6b364670358e39d83f19356.tgz",
      "integrity": "sha512-50p7onHTobKDOGJzT0z/HA7YCX5iKhG1USLUFaWKOhD6RngXCqwN94K5AVubVpmgvdgaOgm2co1NxQ83qsSW4g=="
    },
    "node_modules/@types/node": {
      "version": "18.11.9",
      "resolved": "https://registry.npmjs.org/@types/node/-/node-18.11.9.tgz",
      "integrity": "sha512-CRpX21/kGdzjOpFsZSkcrXMGIBWMGNIHXXBVFSH+ggkftxg+XYP20TESbh+zFvFj3EQOl5byk0HTRn1IL6hbqg==",
      "dev": true
    },
    "node_modules/prisma": {
      "version": "4.7.0-integration-client-extensions.2",
      "resolved": "https://registry.npmjs.org/prisma/-/prisma-4.7.0-integration-client-extensions.2.tgz",
      "integrity": "sha512-1XmcO/Ivdl2EuM1gFqeJsUp/gdETcvjqT1+RqesOregvaWRWh0EH5EWk+coYMpM/A+jsGGVdHoxZDRdNSSlr3Q==",
      "hasInstallScript": true,
      "dependencies": {
        "@prisma/engines": "4.7.0-integration-client-extensions.2"
      },
      "bin": {
        "prisma": "build/index.js",
        "prisma2": "build/index.js"
      },
      "engines": {
        "node": ">=14.17"
      }
    }
  },
  "dependencies": {
    "@prisma/client": {
      "version": "4.7.0-integration-client-extensions.2",
      "resolved": "https://registry.npmjs.org/@prisma/client/-/client-4.7.0-integration-client-extensions.2.tgz",
      "integrity": "sha512-BlCm5PABHCIo7woMcsKhu97Ib6HDF7GX0iMKjx5hqI+TTnGhH0tkDhYjYwD5snq6ZO+Xf8WUIr4wPU3mTrBdVw==",
      "requires": {
        "@prisma/engines-version": "4.7.0-1.4dc956443c6209fec6b364670358e39d83f19356"
      }
    },
    "@prisma/engines": {
      "version": "4.7.0-integration-client-extensions.2",
      "resolved": "https://registry.npmjs.org/@prisma/engines/-/engines-4.7.0-integration-client-extensions.2.tgz",
      "integrity": "sha512-t+dD7rgoHz1ITeCwoM9wdOwYDa8EwIOO2h62n96Hbb7wCSLu5Fy9bxks05DS4AvHVo1EdZLTpuPGyq1z1xEu+Q=="
    },
    "@prisma/engines-version": {
      "version": "4.7.0-1.4dc956443c6209fec6b364670358e39d83f19356",
      "resolved": "https://registry.npmjs.org/@prisma/engines-version/-/engines-version-4.7.0-1.4dc956443c6209fec6b364670358e39d83f19356.tgz",
      "integrity": "sha512-50p7onHTobKDOGJzT0z/HA7YCX5iKhG1USLUFaWKOhD6RngXCqwN94K5AVubVpmgvdgaOgm2co1NxQ83qsSW4g=="
    },
    "@types/node": {
      "version": "18.11.9",
      "resolved": "https://registry.npmjs.org/@types/node/-/node-18.11.9.tgz",
      "integrity": "sha512-CRpX21/kGdzjOpFsZSkcrXMGIBWMGNIHXXBVFSH+ggkftxg+XYP20TESbh+zFvFj3EQOl5byk0HTRn1IL6hbqg==",
      "dev": true
    },
    "prisma": {
      "version": "4.7.0-integration-client-extensions.2",
      "resolved": "https://registry.npmjs.org/prisma/-/prisma-4.7.0-integration-client-extensions.2.tgz",
      "integrity": "sha512-1XmcO/Ivdl2EuM1gFqeJsUp/gdETcvjqT1+RqesOregvaWRWh0EH5EWk+coYMpM/A+jsGGVdHoxZDRdNSSlr3Q==",
      "requires": {
        "@prisma/engines": "4.7.0-integration-client-extensions.2"
      }
    }
  }
}
